
Microsoft Visual Studio Solution File, Format Version 12.00
# Visual Studio Version 17
VisualStudioVersion = 17.7.34031.279
MinimumVisualStudioVersion = 10.0.40219.1
Project("{2150E333-8FDC-42A3-9474-1A3956D46DE8}") = "Task0", "Task0", "{60992794-F532-4BCC-AE19-BD806CDAC797}"
EndProject
Project("{FAE04EC0-301F-11D3-BF4B-00C04F79EFBC}") = "Tyuiu.KrutikovaVP.Sprint5.Task0.V25", "Tyuiu.KrutikovaVP.Sprint5.Task0.V25\Tyuiu.KrutikovaVP.Sprint5.Task0.V25.csproj", "{E9ADA377-339D-4795-817D-00352290B94D}"
EndProject
Project("{FAE04EC0-301F-11D3-BF4B-00C04F79EFBC}") = "Tyuiu.KrutikovaVP.Sprint5.Task0.V25.Lib", "Tyuiu.KrutikovaVP.Sprint5.Task0.V25.Lib\Tyuiu.KrutikovaVP.Sprint5.Task0.V25.Lib.csproj", "{F7F51A98-06B6-48BD-B857-F95B14103B7F}"
EndProject
Project("{FAE04EC0-301F-11D3-BF4B-00C04F79EFBC}") = "Tyuiu.KrutikovaVP.Sprint5.Task0.V25.Test", "Tyuiu.KrutikovaVP.Sprint5.Task0.V25.Test\Tyuiu.KrutikovaVP.Sprint5.Task0.V25.Test.csproj", "{6B3D6EBE-DFD7-48F7-AC9C-AAEE334C8BAD}"
EndProject
Project("{2150E333-8FDC-42A3-9474-1A3956D46DE8}") = "Task1", "Task1", "{8ABFD3B4-AED2-4F74-A4CD-04EBD6998A3E}"
EndProject
Project("{FAE04EC0-301F-11D3-BF4B-00C04F79EFBC}") = "Tyuiu.KrutikovaVP.Sprint5.Task1.V17", "Tyuiu.KrutikovaVP.Sprint5.Task1.V17\Tyuiu.KrutikovaVP.Sprint5.Task1.V17.csproj", "{C9A62FAA-8D62-41AE-B8B1-4E72F92C063D}"
EndProject
Project("{FAE04EC0-301F-11D3-BF4B-00C04F79EFBC}") = "Tyuiu.KrutikovaVP.Sprint5.Task1.V17.Lib", "Tyuiu.KrutikovaVP.Sprint5.Task1.V17.Lib\Tyuiu.KrutikovaVP.Sprint5.Task1.V17.Lib.csproj", "{D1A33009-D7C5-4465-9818-FD4C64EEE837}"
EndProject
Project("{FAE04EC0-301F-11D3-BF4B-00C04F79EFBC}") = "Tyuiu.KrutikovaVP.Sprint5.Task1.V17.Test", "Tyuiu.KrutikovaVP.Sprint5.Task1.V17.Test\Tyuiu.KrutikovaVP.Sprint5.Task1.V17.Test.csproj", "{746FBDCE-F163-4991-B6B5-CAE9689ED821}"
EndProject
Project("{2150E333-8FDC-42A3-9474-1A3956D46DE8}") = "Task2", "Task2", "{7C214E26-7529-44F6-B1C7-C9329351DF73}"
EndProject
Project("{FAE04EC0-301F-11D3-BF4B-00C04F79EFBC}") = "Tyuiu.KrutikovaVP.Sprint5.Task2.V28", "Tyuiu.KrutikovaVP.Sprint5.Task2.V28\Tyuiu.KrutikovaVP.Sprint5.Task2.V28.csproj", "{B5E445F4-0889-433A-BBD7-213A42CA868C}"
EndProject
Project("{FAE04EC0-301F-11D3-BF4B-00C04F79EFBC}") = "Tyuiu.KrutikovaVP.Sprint5.Task2.V28.Lib", "Tyuiu.KrutikovaVP.Sprint5.Task2.V28.Lib\Tyuiu.KrutikovaVP.Sprint5.Task2.V28.Lib.csproj", "{DC7F7AEE-13A8-44C6-A086-D07339279F61}"
EndProject
Project("{FAE04EC0-301F-11D3-BF4B-00C04F79EFBC}") = "Tyuiu.KrutikovaVP.Sprint5.Task2.V28.Test", "Tyuiu.KrutikovaVP.Sprint5.Task2.V28.Test\Tyuiu.KrutikovaVP.Sprint5.Task2.V28.Test.csproj", "{67C7C501-DD6C-48C5-AED6-18DC579671F6}"
EndProject
Project("{2150E333-8FDC-42A3-9474-1A3956D46DE8}") = "Task3", "Task3", "{F78D1A85-CD4E-4985-9ACD-B04EB8C77038}"
EndProject
Project("{FAE04EC0-301F-11D3-BF4B-00C04F79EFBC}") = "Tyuiu.KrutikovaVP.Sprint5.Task3.V12", "Tyuiu.KrutikovaVP.Sprint5.Task3.V12\Tyuiu.KrutikovaVP.Sprint5.Task3.V12.csproj", "{9B58F9B7-DD13-40BE-BEFE-BAE7D04BCE67}"
EndProject
Project("{FAE04EC0-301F-11D3-BF4B-00C04F79EFBC}") = "Tyuiu.KrutikovaVP.Sprint5.Task3.V12.Lib", "Tyuiu.KrutikovaVP.Sprint5.Task3.V12.Lib\Tyuiu.KrutikovaVP.Sprint5.Task3.V12.Lib.csproj", "{D62B9278-DD4A-419F-B912-6356FF0E4283}"
EndProject
Project("{FAE04EC0-301F-11D3-BF4B-00C04F79EFBC}") = "Tyuiu.KrutikovaVP.Sprint5.Task3.V12.Test", "Tyuiu.KrutikovaVP.Sprint5.Task3.V12.Test\Tyuiu.KrutikovaVP.Sprint5.Task3.V12.Test.csproj", "{D914A982-7010-46D1-AFC2-BF5859E9BC69}"
EndProject
Project("{2150E333-8FDC-42A3-9474-1A3956D46DE8}") = "Task4", "Task4", "{DECADAC8-CD67-4300-B5FA-3CF8E7CAFF61}"
EndProject
Project("{FAE04EC0-301F-11D3-BF4B-00C04F79EFBC}") = "Tyuiu.KrutikovaVP.Sprint5.Task4.V2", "Tyuiu.KrutikovaVP.Sprint5.Task4.V2\Tyuiu.KrutikovaVP.Sprint5.Task4.V2.csproj", "{5629F343-7CCE-4117-B333-DE487A7DEE92}"
EndProject
Project("{FAE04EC0-301F-11D3-BF4B-00C04F79EFBC}") = "Tyuiu.KrutikovaVP.Sprint5.Task4.V2.Lib", "Tyuiu.KrutikovaVP.Sprint5.Task4.V2.Lib\Tyuiu.KrutikovaVP.Sprint5.Task4.V2.Lib.csproj", "{CEE64FEA-1FFA-4327-9EF4-4BC846CC1871}"
EndProject
Project("{FAE04EC0-301F-11D3-BF4B-00C04F79EFBC}") = "Tyuiu.KrutikovaVP.Sprint5.Task4.V2.Test", "Tyuiu.KrutikovaVP.Sprint5.Task4.V2.Test\Tyuiu.KrutikovaVP.Sprint5.Task4.V2.Test.csproj", "{AA21CA07-7560-4314-AA55-0C4850055A96}"
EndProject
Project("{2150E333-8FDC-42A3-9474-1A3956D46DE8}") = "Task5", "Task5", "{C2692009-3DD4-45C3-8991-012B51BE5107}"
EndProject
Project("{FAE04EC0-301F-11D3-BF4B-00C04F79EFBC}") = "Tyuiu.KrutikovaVP.Sprint5.Task5.V22", "Tyuiu.KrutikovaVP.Sprint5.Task5.V22\Tyuiu.KrutikovaVP.Sprint5.Task5.V22.csproj", "{DE9CD0AA-57A1-4F96-9895-BB6EBFB0CA17}"
EndProject
Project("{FAE04EC0-301F-11D3-BF4B-00C04F79EFBC}") = "Tyuiu.KrutikovaVP.Sprint5.Task5.V22.Lib", "Tyuiu.KrutikovaVP.Sprint5.Task5.V22.Lib\Tyuiu.KrutikovaVP.Sprint5.Task5.V22.Lib.csproj", "{05DC9E8E-A8E2-426D-AA19-C18E97E21D60}"
EndProject
Project("{FAE04EC0-301F-11D3-BF4B-00C04F79EFBC}") = "Tyuiu.KrutikovaVP.Sprint5.Task5.V22.Test", "Tyuiu.KrutikovaVP.Sprint5.Task5.V22.Test\Tyuiu.KrutikovaVP.Sprint5.Task5.V22.Test.csproj", "{5A5A88C2-C73B-47C6-86C3-4D40825DFFB7}"
EndProject
Global
	GlobalSection(SolutionConfigurationPlatforms) = preSolution
		Debug|Any CPU = Debug|Any CPU
		Release|Any CPU = Release|Any CPU
	EndGlobalSection
	GlobalSection(ProjectConfigurationPlatforms) = postSolution
		{E9ADA377-339D-4795-817D-00352290B94D}.Debug|Any CPU.ActiveCfg = Debug|Any CPU
		{E9ADA377-339D-4795-817D-00352290B94D}.Debug|Any CPU.Build.0 = Debug|Any CPU
		{E9ADA377-339D-4795-817D-00352290B94D}.Release|Any CPU.ActiveCfg = Release|Any CPU
		{E9ADA377-339D-4795-817D-00352290B94D}.Release|Any CPU.Build.0 = Release|Any CPU
		{F7F51A98-06B6-48BD-B857-F95B14103B7F}.Debug|Any CPU.ActiveCfg = Debug|Any CPU
		{F7F51A98-06B6-48BD-B857-F95B14103B7F}.Debug|Any CPU.Build.0 = Debug|Any CPU
		{F7F51A98-06B6-48BD-B857-F95B14103B7F}.Release|Any CPU.ActiveCfg = Release|Any CPU
		{F7F51A98-06B6-48BD-B857-F95B14103B7F}.Release|Any CPU.Build.0 = Release|Any CPU
		{6B3D6EBE-DFD7-48F7-AC9C-AAEE334C8BAD}.Debug|Any CPU.ActiveCfg = Debug|Any CPU
		{6B3D6EBE-DFD7-48F7-AC9C-AAEE334C8BAD}.Debug|Any CPU.Build.0 = Debug|Any CPU
		{6B3D6EBE-DFD7-48F7-AC9C-AAEE334C8BAD}.Release|Any CPU.ActiveCfg = Release|Any CPU
		{6B3D6EBE-DFD7-48F7-AC9C-AAEE334C8BAD}.Release|Any CPU.Build.0 = Release|Any CPU
		{C9A62FAA-8D62-41AE-B8B1-4E72F92C063D}.Debug|Any CPU.ActiveCfg = Debug|Any CPU
		{C9A62FAA-8D62-41AE-B8B1-4E72F92C063D}.Debug|Any CPU.Build.0 = Debug|Any CPU
		{C9A62FAA-8D62-41AE-B8B1-4E72F92C063D}.Release|Any CPU.ActiveCfg = Release|Any CPU
		{C9A62FAA-8D62-41AE-B8B1-4E72F92C063D}.Release|Any CPU.Build.0 = Release|Any CPU
		{D1A33009-D7C5-4465-9818-FD4C64EEE837}.Debug|Any CPU.ActiveCfg = Debug|Any CPU
		{D1A33009-D7C5-4465-9818-FD4C64EEE837}.Debug|Any CPU.Build.0 = Debug|Any CPU
		{D1A33009-D7C5-4465-9818-FD4C64EEE837}.Release|Any CPU.ActiveCfg = Release|Any CPU
		{D1A33009-D7C5-4465-9818-FD4C64EEE837}.Release|Any CPU.Build.0 = Release|Any CPU
		{746FBDCE-F163-4991-B6B5-CAE9689ED821}.Debug|Any CPU.ActiveCfg = Debug|Any CPU
		{746FBDCE-F163-4991-B6B5-CAE9689ED821}.Debug|Any CPU.Build.0 = Debug|Any CPU
		{746FBDCE-F163-4991-B6B5-CAE9689ED821}.Release|Any CPU.ActiveCfg = Release|Any CPU
		{746FBDCE-F163-4991-B6B5-CAE9689ED821}.Release|Any CPU.Build.0 = Release|Any CPU
		{B5E445F4-0889-433A-BBD7-213A42CA868C}.Debug|Any CPU.ActiveCfg = Debug|Any CPU
		{B5E445F4-0889-433A-BBD7-213A42CA868C}.Debug|Any CPU.Build.0 = Debug|Any CPU
		{B5E445F4-0889-433A-BBD7-213A42CA868C}.Release|Any CPU.ActiveCfg = Release|Any CPU
		{B5E445F4-0889-433A-BBD7-213A42CA868C}.Release|Any CPU.Build.0 = Release|Any CPU
		{DC7F7AEE-13A8-44C6-A086-D07339279F61}.Debug|Any CPU.ActiveCfg = Debug|Any CPU
		{DC7F7AEE-13A8-44C6-A086-D07339279F61}.Debug|Any CPU.Build.0 = Debug|Any CPU
		{DC7F7AEE-13A8-44C6-A086-D07339279F61}.Release|Any CPU.ActiveCfg = Release|Any CPU
		{DC7F7AEE-13A8-44C6-A086-D07339279F61}.Release|Any CPU.Build.0 = Release|Any CPU
		{67C7C501-DD6C-48C5-AED6-18DC579671F6}.Debug|Any CPU.ActiveCfg = Debug|Any CPU
		{67C7C501-DD6C-48C5-AED6-18DC579671F6}.Debug|Any CPU.Build.0 = Debug|Any CPU
		{67C7C501-DD6C-48C5-AED6-18DC579671F6}.Release|Any CPU.ActiveCfg = Release|Any CPU
		{67C7C501-DD6C-48C5-AED6-18DC579671F6}.Release|Any CPU.Build.0 = Release|Any CPU
		{9B58F9B7-DD13-40BE-BEFE-BAE7D04BCE67}.Debug|Any CPU.ActiveCfg = Debug|Any CPU
		{9B58F9B7-DD13-40BE-BEFE-BAE7D04BCE67}.Debug|Any CPU.Build.0 = Debug|Any CPU
		{9B58F9B7-DD13-40BE-BEFE-BAE7D04BCE67}.Release|Any CPU.ActiveCfg = Release|Any CPU
		{9B58F9B7-DD13-40BE-BEFE-BAE7D04BCE67}.Release|Any CPU.Build.0 = Release|Any CPU
		{D62B9278-DD4A-419F-B912-6356FF0E4283}.Debug|Any CPU.ActiveCfg = Debug|Any CPU
		{D62B9278-DD4A-419F-B912-6356FF0E4283}.Debug|Any CPU.Build.0 = Debug|Any CPU
		{D62B9278-DD4A-419F-B912-6356FF0E4283}.Release|Any CPU.ActiveCfg = Release|Any CPU
		{D62B9278-DD4A-419F-B912-6356FF0E4283}.Release|Any CPU.Build.0 = Release|Any CPU
		{D914A982-7010-46D1-AFC2-BF5859E9BC69}.Debug|Any CPU.ActiveCfg = Debug|Any CPU
		{D914A982-7010-46D1-AFC2-BF5859E9BC69}.Debug|Any CPU.Build.0 = Debug|Any CPU
		{D914A982-7010-46D1-AFC2-BF5859E9BC69}.Release|Any CPU.ActiveCfg = Release|Any CPU
		{D914A982-7010-46D1-AFC2-BF5859E9BC69}.Release|Any CPU.Build.0 = Release|Any CPU
		{5629F343-7CCE-4117-B333-DE487A7DEE92}.Debug|Any CPU.ActiveCfg = Debug|Any CPU
		{5629F343-7CCE-4117-B333-DE487A7DEE92}.Debug|Any CPU.Build.0 = Debug|Any CPU
		{5629F343-7CCE-4117-B333-DE487A7DEE92}.Release|Any CPU.ActiveCfg = Release|Any CPU
		{5629F343-7CCE-4117-B333-DE487A7DEE92}.Release|Any CPU.Build.0 = Release|Any CPU
		{CEE64FEA-1FFA-4327-9EF4-4BC846CC1871}.Debug|Any CPU.ActiveCfg = Debug|Any CPU
		{CEE64FEA-1FFA-4327-9EF4-4BC846CC1871}.Debug|Any CPU.Build.0 = Debug|Any CPU
		{CEE64FEA-1FFA-4327-9EF4-4BC846CC1871}.Release|Any CPU.ActiveCfg = Release|Any CPU
		{CEE64FEA-1FFA-4327-9EF4-4BC846CC1871}.Release|Any CPU.Build.0 = Release|Any CPU
		{AA21CA07-7560-4314-AA55-0C4850055A96}.Debug|Any CPU.ActiveCfg = Debug|Any CPU
		{AA21CA07-7560-4314-AA55-0C4850055A96}.Debug|Any CPU.Build.0 = Debug|Any CPU
		{AA21CA07-7560-4314-AA55-0C4850055A96}.Release|Any CPU.ActiveCfg = Release|Any CPU
		{AA21CA07-7560-4314-AA55-0C4850055A96}.Release|Any CPU.Build.0 = Release|Any CPU
		{DE9CD0AA-57A1-4F96-9895-BB6EBFB0CA17}.Debug|Any CPU.ActiveCfg = Debug|Any CPU
		{DE9CD0AA-57A1-4F96-9895-BB6EBFB0CA17}.Debug|Any CPU.Build.0 = Debug|Any CPU
		{DE9CD0AA-57A1-4F96-9895-BB6EBFB0CA17}.Release|Any CPU.ActiveCfg = Release|Any CPU
		{DE9CD0AA-57A1-4F96-9895-BB6EBFB0CA17}.Release|Any CPU.Build.0 = Release|Any CPU
		{05DC9E8E-A8E2-426D-AA19-C18E97E21D60}.Debug|Any CPU.ActiveCfg = Debug|Any CPU
		{05DC9E8E-A8E2-426D-AA19-C18E97E21D60}.Debug|Any CPU.Build.0 = Debug|Any CPU
		{05DC9E8E-A8E2-426D-AA19-C18E97E21D60}.Release|Any CPU.ActiveCfg = Release|Any CPU
		{05DC9E8E-A8E2-426D-AA19-C18E97E21D60}.Release|Any CPU.Build.0 = Release|Any CPU
		{5A5A88C2-C73B-47C6-86C3-4D40825DFFB7}.Debug|Any CPU.ActiveCfg = Debug|Any CPU
		{5A5A88C2-C73B-47C6-86C3-4D40825DFFB7}.Debug|Any CPU.Build.0 = Debug|Any CPU
		{5A5A88C2-C73B-47C6-86C3-4D40825DFFB7}.Release|Any CPU.ActiveCfg = Release|Any CPU
		{5A5A88C2-C73B-47C6-86C3-4D40825DFFB7}.Release|Any CPU.Build.0 = Release|Any CPU
	EndGlobalSection
	GlobalSection(SolutionProperties) = preSolution
		HideSolutionNode = FALSE
	EndGlobalSection
	GlobalSection(NestedProjects) = preSolution
		{E9ADA377-339D-4795-817D-00352290B94D} = {60992794-F532-4BCC-AE19-BD806CDAC797}
		{F7F51A98-06B6-48BD-B857-F95B14103B7F} = {60992794-F532-4BCC-AE19-BD806CDAC797}
		{6B3D6EBE-DFD7-48F7-AC9C-AAEE334C8BAD} = {60992794-F532-4BCC-AE19-BD806CDAC797}
		{C9A62FAA-8D62-41AE-B8B1-4E72F92C063D} = {8ABFD3B4-AED2-4F74-A4CD-04EBD6998A3E}
		{D1A33009-D7C5-4465-9818-FD4C64EEE837} = {8ABFD3B4-AED2-4F74-A4CD-04EBD6998A3E}
		{746FBDCE-F163-4991-B6B5-CAE9689ED821} = {8ABFD3B4-AED2-4F74-A4CD-04EBD6998A3E}
		{B5E445F4-0889-433A-BBD7-213A42CA868C} = {7C214E26-7529-44F6-B1C7-C9329351DF73}
		{DC7F7AEE-13A8-44C6-A086-D07339279F61} = {7C214E26-7529-44F6-B1C7-C9329351DF73}
		{67C7C501-DD6C-48C5-AED6-18DC579671F6} = {7C214E26-7529-44F6-B1C7-C9329351DF73}
		{9B58F9B7-DD13-40BE-BEFE-BAE7D04BCE67} = {F78D1A85-CD4E-4985-9ACD-B04EB8C77038}
		{D62B9278-DD4A-419F-B912-6356FF0E4283} = {F78D1A85-CD4E-4985-9ACD-B04EB8C77038}
		{D914A982-7010-46D1-AFC2-BF5859E9BC69} = {F78D1A85-CD4E-4985-9ACD-B04EB8C77038}
		{5629F343-7CCE-4117-B333-DE487A7DEE92} = {DECADAC8-CD67-4300-B5FA-3CF8E7CAFF61}
		{CEE64FEA-1FFA-4327-9EF4-4BC846CC1871} = {DECADAC8-CD67-4300-B5FA-3CF8E7CAFF61}
		{AA21CA07-7560-4314-AA55-0C4850055A96} = {DECADAC8-CD67-4300-B5FA-3CF8E7CAFF61}
		{DE9CD0AA-57A1-4F96-9895-BB6EBFB0CA17} = {C2692009-3DD4-45C3-8991-012B51BE5107}
		{05DC9E8E-A8E2-426D-AA19-C18E97E21D60} = {C2692009-3DD4-45C3-8991-012B51BE5107}
		{5A5A88C2-C73B-47C6-86C3-4D40825DFFB7} = {C2692009-3DD4-45C3-8991-012B51BE5107}
	EndGlobalSection
	GlobalSection(ExtensibilityGlobals) = postSolution
		SolutionGuid = {45BA4A2D-9AE4-4605-9568-0AD6EDB9B718}
	EndGlobalSection
EndGlobal
